
Microsoft Visual Studio Solution File, Format Version 12.00
# Visual Studio Version 17
VisualStudioVersion = 17.6.33801.468
MinimumVisualStudioVersion = 10.0.40219.1
Project("{2150E333-8FDC-42A3-9474-1A3956D46DE8}") = "src", "src", "{FCE99114-186E-495C-99F8-B301781F639F}"
EndProject
Project("{2150E333-8FDC-42A3-9474-1A3956D46DE8}") = "Services", "Services", "{A15AE4AA-09C3-42E0-8977-053DC9763B88}"
EndProject
Project("{2150E333-8FDC-42A3-9474-1A3956D46DE8}") = "Building Blocks", "Building Blocks", "{0A6E1D74-3041-439F-A97D-5EDDB7EAC933}"
EndProject
Project("{2150E333-8FDC-42A3-9474-1A3956D46DE8}") = "Web", "Web", "{0389FBC7-AA3E-4FEF-8A98-76C60A09B316}"
EndProject
Project("{2150E333-8FDC-42A3-9474-1A3956D46DE8}") = "MVC", "MVC", "{814B618E-2BE7-405B-A7D6-182E751A55EE}"
EndProject
Project("{2150E333-8FDC-42A3-9474-1A3956D46DE8}") = "Auth", "Auth", "{203D34D7-2644-4CE9-A9EA-9E38E9BBA574}"
EndProject
Project("{9A19103F-16F7-4668-BE54-9A1E7A4F7556}") = "NSE.Auth.API", "src\Services\Identidade\NSE.Identidade.API\NSE.Auth.API.csproj", "{8A929E52-8592-4DCE-84D4-98B649BAA9FA}"
EndProject
Project("{2150E333-8FDC-42A3-9474-1A3956D46DE8}") = "Core", "Core", "{D97F219C-6A8F-497D-9462-E452EC7C5FFD}"
EndProject
Project("{9A19103F-16F7-4668-BE54-9A1E7A4F7556}") = "NSE.Core", "src\Building Blocks\NSE.Core\NSE.Core.csproj", "{A319618B-F31B-462B-9D14-5CE0EBFE2BE6}"
EndProject
Project("{2150E333-8FDC-42A3-9474-1A3956D46DE8}") = "Carrinho", "Carrinho", "{19C1E88F-F9C7-4B7E-AA48-A08F0FB12881}"
EndProject
Project("{2150E333-8FDC-42A3-9474-1A3956D46DE8}") = "Catalog", "Catalog", "{FFCA2A03-2CDF-41E5-8C36-464D4225BADF}"
EndProject
Project("{2150E333-8FDC-42A3-9474-1A3956D46DE8}") = "Cliente", "Cliente", "{BA06D38D-305A-4400-B92B-388ECCCA3296}"
EndProject
Project("{2150E333-8FDC-42A3-9474-1A3956D46DE8}") = "Pagamento", "Pagamento", "{9AD7ED48-8388-4691-AF7A-39D17061AFB6}"
EndProject
Project("{2150E333-8FDC-42A3-9474-1A3956D46DE8}") = "Pedido", "Pedido", "{573C63D4-EABF-4EB5-BD73-3D40CFB51D0F}"
EndProject
Project("{9A19103F-16F7-4668-BE54-9A1E7A4F7556}") = "NSE.Pedido.API", "src\Services\Pedido\NSE.Pedido.API\NSE.Pedido.API.csproj", "{55AD23DE-58E8-42BC-9A9A-5F8A941735E3}"
EndProject
Project("{9A19103F-16F7-4668-BE54-9A1E7A4F7556}") = "NSE.Pagamento.API", "src\Services\Pagamento\NSE.Pagamento.API\NSE.Pagamento.API.csproj", "{755767B1-325F-409F-BEFF-3D56048D2705}"
EndProject
Project("{9A19103F-16F7-4668-BE54-9A1E7A4F7556}") = "NSE.Cliente.API", "src\Services\Cliente\NSE.Cliente.API\NSE.Cliente.API.csproj", "{C015685A-6903-45A3-B459-A3E534020D6B}"
EndProject
Project("{9A19103F-16F7-4668-BE54-9A1E7A4F7556}") = "NSE.Catalog.API", "src\Services\Catalogo\NSE.Catalogo.API\NSE.Catalog.API.csproj", "{FE2A583F-5BBB-4DF1-A0F9-3075943D8DC2}"
EndProject
Project("{9A19103F-16F7-4668-BE54-9A1E7A4F7556}") = "NSE.Carrinho.API", "src\Services\Carrinho\NSE.Carrinho.API\NSE.Carrinho.API.csproj", "{DEDF4AB7-B82C-4065-ADCA-CAEC563CDA0E}"
EndProject
Global
	GlobalSection(SolutionConfigurationPlatforms) = preSolution
		Debug|Any CPU = Debug|Any CPU
		Release|Any CPU = Release|Any CPU
	EndGlobalSection
	GlobalSection(ProjectConfigurationPlatforms) = postSolution
		{8A929E52-8592-4DCE-84D4-98B649BAA9FA}.Debug|Any CPU.ActiveCfg = Debug|Any CPU
		{8A929E52-8592-4DCE-84D4-98B649BAA9FA}.Debug|Any CPU.Build.0 = Debug|Any CPU
		{8A929E52-8592-4DCE-84D4-98B649BAA9FA}.Release|Any CPU.ActiveCfg = Release|Any CPU
		{8A929E52-8592-4DCE-84D4-98B649BAA9FA}.Release|Any CPU.Build.0 = Release|Any CPU
		{A319618B-F31B-462B-9D14-5CE0EBFE2BE6}.Debug|Any CPU.ActiveCfg = Debug|Any CPU
		{A319618B-F31B-462B-9D14-5CE0EBFE2BE6}.Debug|Any CPU.Build.0 = Debug|Any CPU
		{A319618B-F31B-462B-9D14-5CE0EBFE2BE6}.Release|Any CPU.ActiveCfg = Release|Any CPU
		{A319618B-F31B-462B-9D14-5CE0EBFE2BE6}.Release|Any CPU.Build.0 = Release|Any CPU
		{55AD23DE-58E8-42BC-9A9A-5F8A941735E3}.Debug|Any CPU.ActiveCfg = Debug|Any CPU
		{55AD23DE-58E8-42BC-9A9A-5F8A941735E3}.Debug|Any CPU.Build.0 = Debug|Any CPU
		{55AD23DE-58E8-42BC-9A9A-5F8A941735E3}.Release|Any CPU.ActiveCfg = Release|Any CPU
		{55AD23DE-58E8-42BC-9A9A-5F8A941735E3}.Release|Any CPU.Build.0 = Release|Any CPU
		{755767B1-325F-409F-BEFF-3D56048D2705}.Debug|Any CPU.ActiveCfg = Debug|Any CPU
		{755767B1-325F-409F-BEFF-3D56048D2705}.Debug|Any CPU.Build.0 = Debug|Any CPU
		{755767B1-325F-409F-BEFF-3D56048D2705}.Release|Any CPU.ActiveCfg = Release|Any CPU
		{755767B1-325F-409F-BEFF-3D56048D2705}.Release|Any CPU.Build.0 = Release|Any CPU
		{C015685A-6903-45A3-B459-A3E534020D6B}.Debug|Any CPU.ActiveCfg = Debug|Any CPU
		{C015685A-6903-45A3-B459-A3E534020D6B}.Debug|Any CPU.Build.0 = Debug|Any CPU
		{C015685A-6903-45A3-B459-A3E534020D6B}.Release|Any CPU.ActiveCfg = Release|Any CPU
		{C015685A-6903-45A3-B459-A3E534020D6B}.Release|Any CPU.Build.0 = Release|Any CPU
		{FE2A583F-5BBB-4DF1-A0F9-3075943D8DC2}.Debug|Any CPU.ActiveCfg = Debug|Any CPU
		{FE2A583F-5BBB-4DF1-A0F9-3075943D8DC2}.Debug|Any CPU.Build.0 = Debug|Any CPU
		{FE2A583F-5BBB-4DF1-A0F9-3075943D8DC2}.Release|Any CPU.ActiveCfg = Release|Any CPU
		{FE2A583F-5BBB-4DF1-A0F9-3075943D8DC2}.Release|Any CPU.Build.0 = Release|Any CPU
		{DEDF4AB7-B82C-4065-ADCA-CAEC563CDA0E}.Debug|Any CPU.ActiveCfg = Debug|Any CPU
		{DEDF4AB7-B82C-4065-ADCA-CAEC563CDA0E}.Debug|Any CPU.Build.0 = Debug|Any CPU
		{DEDF4AB7-B82C-4065-ADCA-CAEC563CDA0E}.Release|Any CPU.ActiveCfg = Release|Any CPU
		{DEDF4AB7-B82C-4065-ADCA-CAEC563CDA0E}.Release|Any CPU.Build.0 = Release|Any CPU
	EndGlobalSection
	GlobalSection(SolutionProperties) = preSolution
		HideSolutionNode = FALSE
	EndGlobalSection
	GlobalSection(NestedProjects) = preSolution
		{A15AE4AA-09C3-42E0-8977-053DC9763B88} = {FCE99114-186E-495C-99F8-B301781F639F}
		{0A6E1D74-3041-439F-A97D-5EDDB7EAC933} = {FCE99114-186E-495C-99F8-B301781F639F}
		{0389FBC7-AA3E-4FEF-8A98-76C60A09B316} = {FCE99114-186E-495C-99F8-B301781F639F}
		{814B618E-2BE7-405B-A7D6-182E751A55EE} = {0389FBC7-AA3E-4FEF-8A98-76C60A09B316}
		{203D34D7-2644-4CE9-A9EA-9E38E9BBA574} = {A15AE4AA-09C3-42E0-8977-053DC9763B88}
		{8A929E52-8592-4DCE-84D4-98B649BAA9FA} = {203D34D7-2644-4CE9-A9EA-9E38E9BBA574}
		{D97F219C-6A8F-497D-9462-E452EC7C5FFD} = {0A6E1D74-3041-439F-A97D-5EDDB7EAC933}
		{A319618B-F31B-462B-9D14-5CE0EBFE2BE6} = {D97F219C-6A8F-497D-9462-E452EC7C5FFD}
		{19C1E88F-F9C7-4B7E-AA48-A08F0FB12881} = {A15AE4AA-09C3-42E0-8977-053DC9763B88}
		{FFCA2A03-2CDF-41E5-8C36-464D4225BADF} = {A15AE4AA-09C3-42E0-8977-053DC9763B88}
		{BA06D38D-305A-4400-B92B-388ECCCA3296} = {A15AE4AA-09C3-42E0-8977-053DC9763B88}
		{9AD7ED48-8388-4691-AF7A-39D17061AFB6} = {A15AE4AA-09C3-42E0-8977-053DC9763B88}
		{573C63D4-EABF-4EB5-BD73-3D40CFB51D0F} = {A15AE4AA-09C3-42E0-8977-053DC9763B88}
		{55AD23DE-58E8-42BC-9A9A-5F8A941735E3} = {573C63D4-EABF-4EB5-BD73-3D40CFB51D0F}
		{755767B1-325F-409F-BEFF-3D56048D2705} = {9AD7ED48-8388-4691-AF7A-39D17061AFB6}
		{C015685A-6903-45A3-B459-A3E534020D6B} = {BA06D38D-305A-4400-B92B-388ECCCA3296}
		{FE2A583F-5BBB-4DF1-A0F9-3075943D8DC2} = {FFCA2A03-2CDF-41E5-8C36-464D4225BADF}
		{DEDF4AB7-B82C-4065-ADCA-CAEC563CDA0E} = {19C1E88F-F9C7-4B7E-AA48-A08F0FB12881}
	EndGlobalSection
	GlobalSection(ExtensibilityGlobals) = postSolution
		SolutionGuid = {CBB5B94B-BF42-4161-918C-24B71E6B18C2}
	EndGlobalSection
EndGlobal
